
Microsoft Visual Studio Solution File, Format Version 12.00
# Visual Studio Version 17
VisualStudioVersion = 17.14.37012.4 d17.14
MinimumVisualStudioVersion = 10.0.40219.1
Project("{FAE04EC0-301F-11D3-BF4B-00C04F79EFBC}") = "SalesCommPro.Web", "SalesCommPro.Web\SalesCommPro.Web.csproj", "{14F87A8F-4493-489B-8316-B55714801817}"
EndProject
Project("{FAE04EC0-301F-11D3-BF4B-00C04F79EFBC}") = "SalesCommPro.Domain", "SalesCommPro.Domain\SalesCommPro.Domain.csproj", "{FA4DC2B8-FB91-4689-AEFB-AFB560A52842}"
EndProject
Project("{FAE04EC0-301F-11D3-BF4B-00C04F79EFBC}") = "SalesCommPro.Application", "SalesCommPro.Application\SalesCommPro.Application.csproj", "{7F70FEC4-A9BF-4FF1-AAEA-4BAB4A90783C}"
EndProject
Project("{FAE04EC0-301F-11D3-BF4B-00C04F79EFBC}") = "SalesCommPro.Infrastructure", "SalesCommPro.Infrastructure\SalesCommPro.Infrastructure.csproj", "{32848817-6D3C-46B2-BC14-6A0CBACA3B03}"
EndProject
Global
	GlobalSection(SolutionConfigurationPlatforms) = preSolution
		Debug|Any CPU = Debug|Any CPU
		Release|Any CPU = Release|Any CPU
	EndGlobalSection
	GlobalSection(ProjectConfigurationPlatforms) = postSolution
		{14F87A8F-4493-489B-8316-B55714801817}.Debug|Any CPU.ActiveCfg = Debug|Any CPU
		{14F87A8F-4493-489B-8316-B55714801817}.Debug|Any CPU.Build.0 = Debug|Any CPU
		{14F87A8F-4493-489B-8316-B55714801817}.Release|Any CPU.ActiveCfg = Release|Any CPU
		{14F87A8F-4493-489B-8316-B55714801817}.Release|Any CPU.Build.0 = Release|Any CPU
		{FA4DC2B8-FB91-4689-AEFB-AFB560A52842}.Debug|Any CPU.ActiveCfg = Debug|Any CPU
		{FA4DC2B8-FB91-4689-AEFB-AFB560A52842}.Debug|Any CPU.Build.0 = Debug|Any CPU
		{FA4DC2B8-FB91-4689-AEFB-AFB560A52842}.Release|Any CPU.ActiveCfg = Release|Any CPU
		{FA4DC2B8-FB91-4689-AEFB-AFB560A52842}.Release|Any CPU.Build.0 = Release|Any CPU
		{7F70FEC4-A9BF-4FF1-AAEA-4BAB4A90783C}.Debug|Any CPU.ActiveCfg = Debug|Any CPU
		{7F70FEC4-A9BF-4FF1-AAEA-4BAB4A90783C}.Debug|Any CPU.Build.0 = Debug|Any CPU
		{7F70FEC4-A9BF-4FF1-AAEA-4BAB4A90783C}.Release|Any CPU.ActiveCfg = Release|Any CPU
		{7F70FEC4-A9BF-4FF1-AAEA-4BAB4A90783C}.Release|Any CPU.Build.0 = Release|Any CPU
		{32848817-6D3C-46B2-BC14-6A0CBACA3B03}.Debug|Any CPU.ActiveCfg = Debug|Any CPU
		{32848817-6D3C-46B2-BC14-6A0CBACA3B03}.Debug|Any CPU.Build.0 = Debug|Any CPU
		{32848817-6D3C-46B2-BC14-6A0CBACA3B03}.Release|Any CPU.ActiveCfg = Release|Any CPU
		{32848817-6D3C-46B2-BC14-6A0CBACA3B03}.Release|Any CPU.Build.0 = Release|Any CPU
	EndGlobalSection
	GlobalSection(SolutionProperties) = preSolution
		HideSolutionNode = FALSE
	EndGlobalSection
	GlobalSection(ExtensibilityGlobals) = postSolution
		SolutionGuid = {0F52527D-6AF5-454E-B6AE-873520BB06E2}
	EndGlobalSection
EndGlobal
